
Microsoft Visual Studio Solution File, Format Version 12.00
# Visual Studio Version 17
VisualStudioVersion = 17.0.32112.339
MinimumVisualStudioVersion = 10.0.40219.1
Project("{2150E333-8FDC-42A3-9474-1A3956D46DE8}") = "Services", "Services", "{50344111-AF43-44B6-AA31-1750C96C8750}"
EndProject
Project("{2150E333-8FDC-42A3-9474-1A3956D46DE8}") = "Catalog", "Catalog", "{E7C4F5B5-177E-4E77-A5B5-3A80294CD8B5}"
EndProject
Project("{9A19103F-16F7-4668-BE54-9A1E7A4F7556}") = "Catalog.Api", "Services\Catalog\Catalog.Api\Catalog.Api.csproj", "{B68B73B9-EAAD-4247-AB7B-7ACEAEA0A8EE}"
EndProject
Project("{E53339B2-1760-4266-BCC7-CA923CBCF16C}") = "docker-compose", "docker-compose.dcproj", "{72AD15F2-B3BC-4D42-9EB9-941E39E1A1DA}"
EndProject
Project("{2150E333-8FDC-42A3-9474-1A3956D46DE8}") = "Basket", "Basket", "{3ADCCAA6-6FA3-4C2B-9B94-9334A937802C}"
EndProject
Project("{9A19103F-16F7-4668-BE54-9A1E7A4F7556}") = "Basket.API", "Services\Basket\Basket.API\Basket.API.csproj", "{75CF35CE-9963-44C0-A1F0-C6689DB3DCDD}"
EndProject
Project("{2150E333-8FDC-42A3-9474-1A3956D46DE8}") = "Discount", "Discount", "{01F4531A-E7AA-463A-9C98-ABDE888BA93D}"
EndProject
Project("{9A19103F-16F7-4668-BE54-9A1E7A4F7556}") = "Discount.API", "Services\Discount\Discount.API\Discount.API.csproj", "{93A42F00-7074-4903-A3FE-03FD64251B09}"
EndProject
Project("{9A19103F-16F7-4668-BE54-9A1E7A4F7556}") = "Discount.Grpc", "Services\Discount\Discount.Grpc\Discount.Grpc.csproj", "{FE22F584-8C4C-442E-A774-4AD7D0971656}"
EndProject
Project("{2150E333-8FDC-42A3-9474-1A3956D46DE8}") = "Ordering", "Ordering", "{8F27D250-7EF6-41EE-80E2-6EC611F76171}"
EndProject
Project("{9A19103F-16F7-4668-BE54-9A1E7A4F7556}") = "Ordering.API", "Services\Ordering\Ordering.API\Ordering.API.csproj", "{51C49DE5-BAF0-402C-837D-5FA8484A5EE7}"
EndProject
Project("{9A19103F-16F7-4668-BE54-9A1E7A4F7556}") = "Ordering.Domain", "Services\Ordering\Ordering.Domain\Ordering.Domain.csproj", "{AE06E5DC-A91D-444C-8AF2-AF526967636F}"
EndProject
Project("{9A19103F-16F7-4668-BE54-9A1E7A4F7556}") = "Ordering.Application", "Services\Ordering\Ordering.Application\Ordering.Application.csproj", "{08D1E4E3-4584-4D64-8A41-63A091235A6B}"
EndProject
Project("{9A19103F-16F7-4668-BE54-9A1E7A4F7556}") = "Ordering.Infrastructure", "Services\Ordering\Ordering.Infrastructure\Ordering.Infrastructure.csproj", "{822BDC2E-1500-4D57-ACA9-1F01829876AD}"
EndProject
Project("{2150E333-8FDC-42A3-9474-1A3956D46DE8}") = "BuildingBlocks", "BuildingBlocks", "{E5243D3D-D5FB-48BF-8E69-DE1DF841497F}"
EndProject
Project("{9A19103F-16F7-4668-BE54-9A1E7A4F7556}") = "EventBus.Messages", "BuildingBlocks\EventBus.Messages\EventBus.Messages.csproj", "{24080ACF-447E-4F91-ABF6-4035827C041A}"
EndProject
Project("{2150E333-8FDC-42A3-9474-1A3956D46DE8}") = "ApiGateways", "ApiGateways", "{07F854D8-71F5-4ADD-8B92-198D8B638B7A}"
EndProject
Project("{9A19103F-16F7-4668-BE54-9A1E7A4F7556}") = "OcelotApiGw", "ApiGateWays\OcelotApiGw\OcelotApiGw.csproj", "{8EFF3266-64B2-4F10-9A83-868E92714E69}"
EndProject
Project("{9A19103F-16F7-4668-BE54-9A1E7A4F7556}") = "Shopping.Aggregator", "ApiGateWays\Shopping.Aggregator\Shopping.Aggregator.csproj", "{870D2FA3-2ED6-4CEA-9E35-9BCBABC751EE}"
EndProject
Project("{2150E333-8FDC-42A3-9474-1A3956D46DE8}") = "WebApps", "WebApps", "{B490FD75-E661-4C6E-84AE-7941ABD6EBBB}"
EndProject
Project("{9A19103F-16F7-4668-BE54-9A1E7A4F7556}") = "AspnetRunBasics", "WebApps\AspnetRunBasics\AspnetRunBasics.csproj", "{F47B8D9A-FECD-4F6B-8153-41798A05B10C}"
EndProject
Project("{9A19103F-16F7-4668-BE54-9A1E7A4F7556}") = "Common.Logging", "BuildingBlocks\Common.Logging\Common.Logging.csproj", "{183A1F3E-3A51-419B-9DAC-A0E2648595DE}"
EndProject
Project("{FAE04EC0-301F-11D3-BF4B-00C04F79EFBC}") = "WebStatus", "WebApps\WebStatus\WebStatus.csproj", "{48B51D93-5485-4FA9-88F4-CA8C47DB3383}"
EndProject
Global
	GlobalSection(SolutionConfigurationPlatforms) = preSolution
		Debug|Any CPU = Debug|Any CPU
		Release|Any CPU = Release|Any CPU
	EndGlobalSection
	GlobalSection(ProjectConfigurationPlatforms) = postSolution
		{B68B73B9-EAAD-4247-AB7B-7ACEAEA0A8EE}.Debug|Any CPU.ActiveCfg = Debug|Any CPU
		{B68B73B9-EAAD-4247-AB7B-7ACEAEA0A8EE}.Debug|Any CPU.Build.0 = Debug|Any CPU
		{B68B73B9-EAAD-4247-AB7B-7ACEAEA0A8EE}.Release|Any CPU.ActiveCfg = Release|Any CPU
		{B68B73B9-EAAD-4247-AB7B-7ACEAEA0A8EE}.Release|Any CPU.Build.0 = Release|Any CPU
		{72AD15F2-B3BC-4D42-9EB9-941E39E1A1DA}.Debug|Any CPU.ActiveCfg = Debug|Any CPU
		{72AD15F2-B3BC-4D42-9EB9-941E39E1A1DA}.Debug|Any CPU.Build.0 = Debug|Any CPU
		{72AD15F2-B3BC-4D42-9EB9-941E39E1A1DA}.Release|Any CPU.ActiveCfg = Release|Any CPU
		{72AD15F2-B3BC-4D42-9EB9-941E39E1A1DA}.Release|Any CPU.Build.0 = Release|Any CPU
		{75CF35CE-9963-44C0-A1F0-C6689DB3DCDD}.Debug|Any CPU.ActiveCfg = Debug|Any CPU
		{75CF35CE-9963-44C0-A1F0-C6689DB3DCDD}.Debug|Any CPU.Build.0 = Debug|Any CPU
		{75CF35CE-9963-44C0-A1F0-C6689DB3DCDD}.Release|Any CPU.ActiveCfg = Release|Any CPU
		{75CF35CE-9963-44C0-A1F0-C6689DB3DCDD}.Release|Any CPU.Build.0 = Release|Any CPU
		{93A42F00-7074-4903-A3FE-03FD64251B09}.Debug|Any CPU.ActiveCfg = Debug|Any CPU
		{93A42F00-7074-4903-A3FE-03FD64251B09}.Debug|Any CPU.Build.0 = Debug|Any CPU
		{93A42F00-7074-4903-A3FE-03FD64251B09}.Release|Any CPU.ActiveCfg = Release|Any CPU
		{93A42F00-7074-4903-A3FE-03FD64251B09}.Release|Any CPU.Build.0 = Release|Any CPU
		{FE22F584-8C4C-442E-A774-4AD7D0971656}.Debug|Any CPU.ActiveCfg = Debug|Any CPU
		{FE22F584-8C4C-442E-A774-4AD7D0971656}.Debug|Any CPU.Build.0 = Debug|Any CPU
		{FE22F584-8C4C-442E-A774-4AD7D0971656}.Release|Any CPU.ActiveCfg = Release|Any CPU
		{FE22F584-8C4C-442E-A774-4AD7D0971656}.Release|Any CPU.Build.0 = Release|Any CPU
		{51C49DE5-BAF0-402C-837D-5FA8484A5EE7}.Debug|Any CPU.ActiveCfg = Debug|Any CPU
		{51C49DE5-BAF0-402C-837D-5FA8484A5EE7}.Debug|Any CPU.Build.0 = Debug|Any CPU
		{51C49DE5-BAF0-402C-837D-5FA8484A5EE7}.Release|Any CPU.ActiveCfg = Release|Any CPU
		{51C49DE5-BAF0-402C-837D-5FA8484A5EE7}.Release|Any CPU.Build.0 = Release|Any CPU
		{AE06E5DC-A91D-444C-8AF2-AF526967636F}.Debug|Any CPU.ActiveCfg = Debug|Any CPU
		{AE06E5DC-A91D-444C-8AF2-AF526967636F}.Debug|Any CPU.Build.0 = Debug|Any CPU
		{AE06E5DC-A91D-444C-8AF2-AF526967636F}.Release|Any CPU.ActiveCfg = Release|Any CPU
		{AE06E5DC-A91D-444C-8AF2-AF526967636F}.Release|Any CPU.Build.0 = Release|Any CPU
		{08D1E4E3-4584-4D64-8A41-63A091235A6B}.Debug|Any CPU.ActiveCfg = Debug|Any CPU
		{08D1E4E3-4584-4D64-8A41-63A091235A6B}.Debug|Any CPU.Build.0 = Debug|Any CPU
		{08D1E4E3-4584-4D64-8A41-63A091235A6B}.Release|Any CPU.ActiveCfg = Release|Any CPU
		{08D1E4E3-4584-4D64-8A41-63A091235A6B}.Release|Any CPU.Build.0 = Release|Any CPU
		{822BDC2E-1500-4D57-ACA9-1F01829876AD}.Debug|Any CPU.ActiveCfg = Debug|Any CPU
		{822BDC2E-1500-4D57-ACA9-1F01829876AD}.Debug|Any CPU.Build.0 = Debug|Any CPU
		{822BDC2E-1500-4D57-ACA9-1F01829876AD}.Release|Any CPU.ActiveCfg = Release|Any CPU
		{822BDC2E-1500-4D57-ACA9-1F01829876AD}.Release|Any CPU.Build.0 = Release|Any CPU
		{24080ACF-447E-4F91-ABF6-4035827C041A}.Debug|Any CPU.ActiveCfg = Debug|Any CPU
		{24080ACF-447E-4F91-ABF6-4035827C041A}.Debug|Any CPU.Build.0 = Debug|Any CPU
		{24080ACF-447E-4F91-ABF6-4035827C041A}.Release|Any CPU.ActiveCfg = Release|Any CPU
		{24080ACF-447E-4F91-ABF6-4035827C041A}.Release|Any CPU.Build.0 = Release|Any CPU
		{8EFF3266-64B2-4F10-9A83-868E92714E69}.Debug|Any CPU.ActiveCfg = Debug|Any CPU
		{8EFF3266-64B2-4F10-9A83-868E92714E69}.Debug|Any CPU.Build.0 = Debug|Any CPU
		{8EFF3266-64B2-4F10-9A83-868E92714E69}.Release|Any CPU.ActiveCfg = Release|Any CPU
		{8EFF3266-64B2-4F10-9A83-868E92714E69}.Release|Any CPU.Build.0 = Release|Any CPU
		{870D2FA3-2ED6-4CEA-9E35-9BCBABC751EE}.Debug|Any CPU.ActiveCfg = Debug|Any CPU
		{870D2FA3-2ED6-4CEA-9E35-9BCBABC751EE}.Debug|Any CPU.Build.0 = Debug|Any CPU
		{870D2FA3-2ED6-4CEA-9E35-9BCBABC751EE}.Release|Any CPU.ActiveCfg = Release|Any CPU
		{870D2FA3-2ED6-4CEA-9E35-9BCBABC751EE}.Release|Any CPU.Build.0 = Release|Any CPU
		{F47B8D9A-FECD-4F6B-8153-41798A05B10C}.Debug|Any CPU.ActiveCfg = Debug|Any CPU
		{F47B8D9A-FECD-4F6B-8153-41798A05B10C}.Debug|Any CPU.Build.0 = Debug|Any CPU
		{F47B8D9A-FECD-4F6B-8153-41798A05B10C}.Release|Any CPU.ActiveCfg = Release|Any CPU
		{F47B8D9A-FECD-4F6B-8153-41798A05B10C}.Release|Any CPU.Build.0 = Release|Any CPU
		{183A1F3E-3A51-419B-9DAC-A0E2648595DE}.Debug|Any CPU.ActiveCfg = Debug|Any CPU
		{183A1F3E-3A51-419B-9DAC-A0E2648595DE}.Debug|Any CPU.Build.0 = Debug|Any CPU
		{183A1F3E-3A51-419B-9DAC-A0E2648595DE}.Release|Any CPU.ActiveCfg = Release|Any CPU
		{183A1F3E-3A51-419B-9DAC-A0E2648595DE}.Release|Any CPU.Build.0 = Release|Any CPU
		{48B51D93-5485-4FA9-88F4-CA8C47DB3383}.Debug|Any CPU.ActiveCfg = Debug|Any CPU
		{48B51D93-5485-4FA9-88F4-CA8C47DB3383}.Debug|Any CPU.Build.0 = Debug|Any CPU
		{48B51D93-5485-4FA9-88F4-CA8C47DB3383}.Release|Any CPU.ActiveCfg = Release|Any CPU
		{48B51D93-5485-4FA9-88F4-CA8C47DB3383}.Release|Any CPU.Build.0 = Release|Any CPU
	EndGlobalSection
	GlobalSection(SolutionProperties) = preSolution
		HideSolutionNode = FALSE
	EndGlobalSection
	GlobalSection(NestedProjects) = preSolution
		{E7C4F5B5-177E-4E77-A5B5-3A80294CD8B5} = {50344111-AF43-44B6-AA31-1750C96C8750}
		{B68B73B9-EAAD-4247-AB7B-7ACEAEA0A8EE} = {E7C4F5B5-177E-4E77-A5B5-3A80294CD8B5}
		{3ADCCAA6-6FA3-4C2B-9B94-9334A937802C} = {50344111-AF43-44B6-AA31-1750C96C8750}
		{75CF35CE-9963-44C0-A1F0-C6689DB3DCDD} = {3ADCCAA6-6FA3-4C2B-9B94-9334A937802C}
		{01F4531A-E7AA-463A-9C98-ABDE888BA93D} = {50344111-AF43-44B6-AA31-1750C96C8750}
		{93A42F00-7074-4903-A3FE-03FD64251B09} = {01F4531A-E7AA-463A-9C98-ABDE888BA93D}
		{FE22F584-8C4C-442E-A774-4AD7D0971656} = {01F4531A-E7AA-463A-9C98-ABDE888BA93D}
		{8F27D250-7EF6-41EE-80E2-6EC611F76171} = {50344111-AF43-44B6-AA31-1750C96C8750}
		{51C49DE5-BAF0-402C-837D-5FA8484A5EE7} = {8F27D250-7EF6-41EE-80E2-6EC611F76171}
		{AE06E5DC-A91D-444C-8AF2-AF526967636F} = {8F27D250-7EF6-41EE-80E2-6EC611F76171}
		{08D1E4E3-4584-4D64-8A41-63A091235A6B} = {8F27D250-7EF6-41EE-80E2-6EC611F76171}
		{822BDC2E-1500-4D57-ACA9-1F01829876AD} = {8F27D250-7EF6-41EE-80E2-6EC611F76171}
		{24080ACF-447E-4F91-ABF6-4035827C041A} = {E5243D3D-D5FB-48BF-8E69-DE1DF841497F}
		{8EFF3266-64B2-4F10-9A83-868E92714E69} = {07F854D8-71F5-4ADD-8B92-198D8B638B7A}
		{870D2FA3-2ED6-4CEA-9E35-9BCBABC751EE} = {07F854D8-71F5-4ADD-8B92-198D8B638B7A}
		{F47B8D9A-FECD-4F6B-8153-41798A05B10C} = {B490FD75-E661-4C6E-84AE-7941ABD6EBBB}
		{183A1F3E-3A51-419B-9DAC-A0E2648595DE} = {E5243D3D-D5FB-48BF-8E69-DE1DF841497F}
		{48B51D93-5485-4FA9-88F4-CA8C47DB3383} = {B490FD75-E661-4C6E-84AE-7941ABD6EBBB}
	EndGlobalSection
	GlobalSection(ExtensibilityGlobals) = postSolution
		SolutionGuid = {4BCDBD83-9663-4C1E-90B2-C05F31609B23}
	EndGlobalSection
EndGlobal
